<?xml version="1.0" encoding="utf-8"?>
<Project ToolsVersion="4.0" xmlns="http://schemas.microsoft.com/developer/msbuild/2003">
  <ItemGroup>
    <ClCompile Include="main.cpp">
      <Filter>Source Files</Filter>
    </ClCompile>
    <ClCompile Include="TEST0144.cpp">
      <Filter>Source Files</Filter>
    </ClCompile>
    <ClCompile Include="LineItem.cpp">
      <Filter>Source Files</Filter>
    </ClCompile>
    <ClCompile Include="LineWidget.cpp">
      <Filter>Source Files</Filter>
    </ClCompile>
  </ItemGroup>
  <ItemGroup>
    <Filter Include="Form Files">
      <UniqueIdentifier>{32a53131-b991-4dbc-8cba-650af1bbf3e9}</UniqueIdentifier>
    </Filter>
    <Filter Include="Header Files">
      <UniqueIdentifier>{eb729fce-35e5-48c9-b5be-9ed3502e53d8}</UniqueIdentifier>
    </Filter>
    <Filter Include="Source Files">
      <UniqueIdentifier>{155de006-5dc1-4abf-9359-c62ee19c5ff9}</UniqueIdentifier>
    </Filter>
    <Filter Include="Resource Files">
      <UniqueIdentifier>{ac4356a4-6270-454c-acf0-36bf74b1aa6c}</UniqueIdentifier>
    </Filter>
  </ItemGroup>
  <ItemGroup>
    <QtUic Include="TEST0144.ui">
      <Filter>Form Files</Filter>
    </QtUic>
  </ItemGroup>
  <ItemGroup>
    <QtMoc Include="TEST0144.h">
      <Filter>Header Files</Filter>
    </QtMoc>
    <QtMoc Include="LineItem.h">
      <Filter>Header Files</Filter>
    </QtMoc>
    <QtMoc Include="LineWidget.h">
      <Filter>Header Files</Filter>
    </QtMoc>
  </ItemGroup>
  <ItemGroup>
    <QtRcc Include="TEST0144.qrc">
      <Filter>Resource Files</Filter>
    </QtRcc>
  </ItemGroup>
  <ItemGroup>
    <ClInclude Include="GlobalStructs.h">
      <Filter>Header Files</Filter>
    </ClInclude>
  </ItemGroup>
</Project>